
Microsoft Visual Studio Solution File, Format Version 12.00
# Visual Studio Version 17
VisualStudioVersion = 17.5.002.0
MinimumVisualStudioVersion = 10.0.40219.1
Project("{9A19103F-16F7-4668-BE54-9A1E7A4F7556}") = "api", "api\api.csproj", "{49C6B41D-62E4-435E-B4B1-56F6C0E862CB}"
EndProject
Global
	GlobalSection(SolutionConfigurationPlatforms) = preSolution
		Debug|Any CPU = Debug|Any CPU
		Release|Any CPU = Release|Any CPU
	EndGlobalSection
	GlobalSection(ProjectConfigurationPlatforms) = postSolution
		{49C6B41D-62E4-435E-B4B1-56F6C0E862CB}.Debug|Any CPU.ActiveCfg = Debug|Any CPU
		{49C6B41D-62E4-435E-B4B1-56F6C0E862CB}.Debug|Any CPU.Build.0 = Debug|Any CPU
		{49C6B41D-62E4-435E-B4B1-56F6C0E862CB}.Release|Any CPU.ActiveCfg = Release|Any CPU
		{49C6B41D-62E4-435E-B4B1-56F6C0E862CB}.Release|Any CPU.Build.0 = Release|Any CPU
	EndGlobalSection
	GlobalSection(SolutionProperties) = preSolution
		HideSolutionNode = FALSE
	EndGlobalSection
	GlobalSection(ExtensibilityGlobals) = postSolution
		SolutionGuid = {8A8E1D9F-0F0A-47A9-950F-3BB21019E4A0}
	EndGlobalSection
EndGlobal
